
Microsoft Visual Studio Solution File, Format Version 12.00
# Visual Studio Version 16
VisualStudioVersion = 16.0.30114.105
MinimumVisualStudioVersion = 10.0.40219.1
Project("{00D1A9C2-B5F0-4AF3-8072-F6C62B433612}") = "DapperORM.Database", "DapperORM.Database\DapperORM.Database.sqlproj", "{69171515-3F6E-47E5-9187-5D307C03192D}"
EndProject
Project("{FAE04EC0-301F-11D3-BF4B-00C04F79EFBC}") = "DapperORM.Database.Build", "DapperORM.Database.Build\DapperORM.Database.Build.csproj", "{167320FB-1416-48FE-8BCA-9659F5837E44}"
EndProject
Project("{FAE04EC0-301F-11D3-BF4B-00C04F79EFBC}") = "DapperORM.UnitTest", "DapperORM.UnitTest\DapperORM.UnitTest.csproj", "{0B300617-C1C9-49C5-B038-DB7DE012B226}"
EndProject
Project("{FAE04EC0-301F-11D3-BF4B-00C04F79EFBC}") = "DapperORM.App", "DapperORM.App\DapperORM.App.csproj", "{24E7D7CA-58FB-4BFF-823F-03656916A68D}"
EndProject
Global
	GlobalSection(SolutionConfigurationPlatforms) = preSolution
		Debug|Any CPU = Debug|Any CPU
		Debug|x64 = Debug|x64
		Debug|x86 = Debug|x86
		Release|Any CPU = Release|Any CPU
		Release|x64 = Release|x64
		Release|x86 = Release|x86
	EndGlobalSection
	GlobalSection(ProjectConfigurationPlatforms) = postSolution
		{69171515-3F6E-47E5-9187-5D307C03192D}.Debug|Any CPU.ActiveCfg = Debug|Any CPU
		{69171515-3F6E-47E5-9187-5D307C03192D}.Debug|Any CPU.Build.0 = Debug|Any CPU
		{69171515-3F6E-47E5-9187-5D307C03192D}.Debug|Any CPU.Deploy.0 = Debug|Any CPU
		{69171515-3F6E-47E5-9187-5D307C03192D}.Debug|x64.ActiveCfg = Debug|Any CPU
		{69171515-3F6E-47E5-9187-5D307C03192D}.Debug|x64.Build.0 = Debug|Any CPU
		{69171515-3F6E-47E5-9187-5D307C03192D}.Debug|x64.Deploy.0 = Debug|Any CPU
		{69171515-3F6E-47E5-9187-5D307C03192D}.Debug|x86.ActiveCfg = Debug|Any CPU
		{69171515-3F6E-47E5-9187-5D307C03192D}.Debug|x86.Build.0 = Debug|Any CPU
		{69171515-3F6E-47E5-9187-5D307C03192D}.Debug|x86.Deploy.0 = Debug|Any CPU
		{69171515-3F6E-47E5-9187-5D307C03192D}.Release|Any CPU.ActiveCfg = Release|Any CPU
		{69171515-3F6E-47E5-9187-5D307C03192D}.Release|Any CPU.Build.0 = Release|Any CPU
		{69171515-3F6E-47E5-9187-5D307C03192D}.Release|Any CPU.Deploy.0 = Release|Any CPU
		{69171515-3F6E-47E5-9187-5D307C03192D}.Release|x64.ActiveCfg = Release|Any CPU
		{69171515-3F6E-47E5-9187-5D307C03192D}.Release|x64.Build.0 = Release|Any CPU
		{69171515-3F6E-47E5-9187-5D307C03192D}.Release|x64.Deploy.0 = Release|Any CPU
		{69171515-3F6E-47E5-9187-5D307C03192D}.Release|x86.ActiveCfg = Release|Any CPU
		{69171515-3F6E-47E5-9187-5D307C03192D}.Release|x86.Build.0 = Release|Any CPU
		{69171515-3F6E-47E5-9187-5D307C03192D}.Release|x86.Deploy.0 = Release|Any CPU
		{167320FB-1416-48FE-8BCA-9659F5837E44}.Debug|Any CPU.ActiveCfg = Debug|Any CPU
		{167320FB-1416-48FE-8BCA-9659F5837E44}.Debug|Any CPU.Build.0 = Debug|Any CPU
		{167320FB-1416-48FE-8BCA-9659F5837E44}.Debug|x64.ActiveCfg = Debug|Any CPU
		{167320FB-1416-48FE-8BCA-9659F5837E44}.Debug|x64.Build.0 = Debug|Any CPU
		{167320FB-1416-48FE-8BCA-9659F5837E44}.Debug|x86.ActiveCfg = Debug|Any CPU
		{167320FB-1416-48FE-8BCA-9659F5837E44}.Debug|x86.Build.0 = Debug|Any CPU
		{167320FB-1416-48FE-8BCA-9659F5837E44}.Release|Any CPU.ActiveCfg = Release|Any CPU
		{167320FB-1416-48FE-8BCA-9659F5837E44}.Release|Any CPU.Build.0 = Release|Any CPU
		{167320FB-1416-48FE-8BCA-9659F5837E44}.Release|x64.ActiveCfg = Release|Any CPU
		{167320FB-1416-48FE-8BCA-9659F5837E44}.Release|x64.Build.0 = Release|Any CPU
		{167320FB-1416-48FE-8BCA-9659F5837E44}.Release|x86.ActiveCfg = Release|Any CPU
		{167320FB-1416-48FE-8BCA-9659F5837E44}.Release|x86.Build.0 = Release|Any CPU
		{0B300617-C1C9-49C5-B038-DB7DE012B226}.Debug|Any CPU.ActiveCfg = Debug|Any CPU
		{0B300617-C1C9-49C5-B038-DB7DE012B226}.Debug|Any CPU.Build.0 = Debug|Any CPU
		{0B300617-C1C9-49C5-B038-DB7DE012B226}.Debug|x64.ActiveCfg = Debug|Any CPU
		{0B300617-C1C9-49C5-B038-DB7DE012B226}.Debug|x64.Build.0 = Debug|Any CPU
		{0B300617-C1C9-49C5-B038-DB7DE012B226}.Debug|x86.ActiveCfg = Debug|Any CPU
		{0B300617-C1C9-49C5-B038-DB7DE012B226}.Debug|x86.Build.0 = Debug|Any CPU
		{0B300617-C1C9-49C5-B038-DB7DE012B226}.Release|Any CPU.ActiveCfg = Release|Any CPU
		{0B300617-C1C9-49C5-B038-DB7DE012B226}.Release|Any CPU.Build.0 = Release|Any CPU
		{0B300617-C1C9-49C5-B038-DB7DE012B226}.Release|x64.ActiveCfg = Release|Any CPU
		{0B300617-C1C9-49C5-B038-DB7DE012B226}.Release|x64.Build.0 = Release|Any CPU
		{0B300617-C1C9-49C5-B038-DB7DE012B226}.Release|x86.ActiveCfg = Release|Any CPU
		{0B300617-C1C9-49C5-B038-DB7DE012B226}.Release|x86.Build.0 = Release|Any CPU
		{24E7D7CA-58FB-4BFF-823F-03656916A68D}.Debug|Any CPU.ActiveCfg = Debug|Any CPU
		{24E7D7CA-58FB-4BFF-823F-03656916A68D}.Debug|Any CPU.Build.0 = Debug|Any CPU
		{24E7D7CA-58FB-4BFF-823F-03656916A68D}.Debug|x64.ActiveCfg = Debug|Any CPU
		{24E7D7CA-58FB-4BFF-823F-03656916A68D}.Debug|x64.Build.0 = Debug|Any CPU
		{24E7D7CA-58FB-4BFF-823F-03656916A68D}.Debug|x86.ActiveCfg = Debug|Any CPU
		{24E7D7CA-58FB-4BFF-823F-03656916A68D}.Debug|x86.Build.0 = Debug|Any CPU
		{24E7D7CA-58FB-4BFF-823F-03656916A68D}.Release|Any CPU.ActiveCfg = Release|Any CPU
		{24E7D7CA-58FB-4BFF-823F-03656916A68D}.Release|Any CPU.Build.0 = Release|Any CPU
		{24E7D7CA-58FB-4BFF-823F-03656916A68D}.Release|x64.ActiveCfg = Release|Any CPU
		{24E7D7CA-58FB-4BFF-823F-03656916A68D}.Release|x64.Build.0 = Release|Any CPU
		{24E7D7CA-58FB-4BFF-823F-03656916A68D}.Release|x86.ActiveCfg = Release|Any CPU
		{24E7D7CA-58FB-4BFF-823F-03656916A68D}.Release|x86.Build.0 = Release|Any CPU
	EndGlobalSection
	GlobalSection(SolutionProperties) = preSolution
		HideSolutionNode = FALSE
	EndGlobalSection
	GlobalSection(ExtensibilityGlobals) = postSolution
		SolutionGuid = {AA3DBE4E-6EA6-41AE-8F74-BCDF282CA7D3}
	EndGlobalSection
EndGlobal
